// !$*UTF8*$!
{
	archiveVersion = 1;
	classes = {
	};
	objectVersion = 48;
	objects = {

/* Begin PBXBuildFile section */
		111584AC1F99AD5500E98860 /* AppDelegate.swift in Sources */ = {isa = PBXBuildFile; fileRef = 111584AB1F99AD5500E98860 /* AppDelegate.swift */; };
		111584AE1F99AD5500E98860 /* ViewController.swift in Sources */ = {isa = PBXBuildFile; fileRef = 111584AD1F99AD5500E98860 /* ViewController.swift */; };
		111584B11F99AD5500E98860 /* Main.storyboard in Resources */ = {isa = PBXBuildFile; fileRef = 111584AF1F99AD5500E98860 /* Main.storyboard */; };
		111584B41F99AD5500E98860 /* MemoryCard.xcdatamodeld in Sources */ = {isa = PBXBuildFile; fileRef = 111584B21F99AD5500E98860 /* MemoryCard.xcdatamodeld */; };
		111584B61F99AD5500E98860 /* Assets.xcassets in Resources */ = {isa = PBXBuildFile; fileRef = 111584B51F99AD5500E98860 /* Assets.xcassets */; };
		111584B91F99AD5500E98860 /* LaunchScreen.storyboard in Resources */ = {isa = PBXBuildFile; fileRef = 111584B71F99AD5500E98860 /* LaunchScreen.storyboard */; };
/* End PBXBuildFile section */

/* Begin PBXFileReference section */
		111584A81F99AD5500E98860 /* MemoryCard.app */ = {isa = PBXFileReference; explicitFileType = wrapper.application; includeInIndex = 0; path = MemoryCard.app; sourceTree = BUILT_PRODUCTS_DIR; };
		111584AB1F99AD5500E98860 /* AppDelegate.swift */ = {isa = PBXFileReference; lastKnownFileType = sourcecode.swift; path = AppDelegate.swift; sourceTree = "<group>"; };
		111584AD1F99AD5500E98860 /* ViewController.swift */ = {isa = PBXFileReference; lastKnownFileType = sourcecode.swift; path = ViewController.swift; sourceTree = "<group>"; };
		111584B01F99AD5500E98860 /* Base */ = {isa = PBXFileReference; lastKnownFileType = file.storyboard; name = Base; path = Base.lproj/Main.storyboard; sourceTree = "<group>"; };
		111584B31F99AD5500E98860 /* MemoryCard.xcdatamodel */ = {isa = PBXFileReference; lastKnownFileType = wrapper.xcdatamodel; path = MemoryCard.xcdatamodel; sourceTree = "<group>"; };
		111584B51F99AD5500E98860 /* Assets.xcassets */ = {isa = PBXFileReference; lastKnownFileType = folder.assetcatalog; path = Assets.xcassets; sourceTree = "<group>"; };
		111584B81F99AD5500E98860 /* Base */ = {isa = PBXFileReference; lastKnownFileType = file.storyboard; name = Base; path = Base.lproj/LaunchScreen.storyboard; sourceTree = "<group>"; };
		111584BA1F99AD5500E98860 /* Info.plist */ = {isa = PBXFileReference; lastKnownFileType = text.plist.xml; path = Info.plist; sourceTree = "<group>"; };
/* End PBXFileReference section */

/* Begin PBXFrameworksBuildPhase section */
		111584A51F99AD5500E98860 /* Frameworks */ = {
			isa = PBXFrameworksBuildPhase;
			buildActionMask = 2147483647;
			files = (
			);
			runOnlyForDeploymentPostprocessing = 0;
		};
/* End PBXFrameworksBuildPhase section */

/* Begin PBXGroup section */
		1115849F1F99AD5500E98860 = {
			isa = PBXGroup;
			children = (
				111584AA1F99AD5500E98860 /* MemoryCard */,
				111584A91F99AD5500E98860 /* Products */,
			);
			sourceTree = "<group>";
		};
		111584A91F99AD5500E98860 /* Products */ = {
			isa = PBXGroup;
			children = (
				111584A81F99AD5500E98860 /* MemoryCard.app */,
			);
			name = Products;
			sourceTree = "<group>";
		};
		111584AA1F99AD5500E98860 /* MemoryCard */ = {
			isa = PBXGroup;
			children = (
				111584AB1F99AD5500E98860 /* AppDelegate.swift */,
				111584AD1F99AD5500E98860 /* ViewController.swift */,
				111584AF1F99AD5500E98860 /* Main.storyboard */,
				111584B51F99AD5500E98860 /* Assets.xcassets */,
				111584B71F99AD5500E98860 /* LaunchScreen.storyboard */,
				111584BA1F99AD5500E98860 /* Info.plist */,
				111584B21F99AD5500E98860 /* MemoryCard.xcdatamodeld */,
			);
			path = MemoryCard;
			sourceTree = "<group>";
		};
/* End PBXGroup section */

/* Begin PBXNativeTarget section */
		111584A71F99AD5500E98860 /* MemoryCard */ = {
			isa = PBXNativeTarget;
			buildConfigurationList = 111584BD1F99AD5500E98860 /* Build configuration list for PBXNativeTarget "MemoryCard" */;
			buildPhases = (
				111584A41F99AD5500E98860 /* Sources */,
				111584A51F99AD5500E98860 /* Frameworks */,
				111584A61F99AD5500E98860 /* Resources */,
			);
			buildRules = (
			);
			dependencies = (
			);
			name = MemoryCard;
			productName = MemoryCard;
			productReference = 111584A81F99AD5500E98860 /* MemoryCard.app */;
			productType = "com.apple.product-type.application";
		};
/* End PBXNativeTarget section */

/* Begin PBXProject section */
		111584A01F99AD5500E98860 /* Project object */ = {
			isa = PBXProject;
			attributes = {
				LastSwiftUpdateCheck = 0900;
				LastUpgradeCheck = 0900;
				ORGANIZATIONNAME = bcit;
				TargetAttributes = {
					111584A71F99AD5500E98860 = {
						CreatedOnToolsVersion = 9.0.1;
						ProvisioningStyle = Automatic;
					};
				};
			};
			buildConfigurationList = 111584A31F99AD5500E98860 /* Build configuration list for PBXProject "MemoryCard" */;
			compatibilityVersion = "Xcode 8.0";
			developmentRegion = en;
			hasScannedForEncodings = 0;
			knownRegions = (
				en,
				Base,
			);
			mainGroup = 1115849F1F99AD5500E98860;
			productRefGroup = 111584A91F99AD5500E98860 /* Products */;
			projectDirPath = "";
			projectRoot = "";
			targets = (
				111584A71F99AD5500E98860 /* MemoryCard */,
			);
		};
/* End PBXProject section */

/* Begin PBXResourcesBuildPhase section */
		111584A61F99AD5500E98860 /* Resources */ = {
			isa = PBXResourcesBuildPhase;
			buildActionMask = 2147483647;
			files = (
				111584B91F99AD5500E98860 /* LaunchScreen.storyboard in Resources */,
				111584B61F99AD5500E98860 /* Assets.xcassets in Resources */,
				111584B11F99AD5500E98860 /* Main.storyboard in Resources */,
			);
			runOnlyForDeploymentPostprocessing = 0;
		};
/* End PBXResourcesBuildPhase section */

/* Begin PBXSourcesBuildPhase section */
		111584A41F99AD5500E98860 /* Sources */ = {
			isa = PBXSourcesBuildPhase;
			buildActionMask = 2147483647;
			files = (
				111584AE1F99AD5500E98860 /* ViewController.swift in Sources */,
				111584B41F99AD5500E98860 /* MemoryCard.xcdatamodeld in Sources */,
				111584AC1F99AD5500E98860 /* AppDelegate.swift in Sources */,
			);
			runOnlyForDeploymentPostprocessing = 0;
		};
/* End PBXSourcesBuildPhase section */

/* Begin PBXVariantGroup section */
		111584AF1F99AD5500E98860 /* Main.storyboard */ = {
			isa = PBXVariantGroup;
			children = (
				111584B01F99AD5500E98860 /* Base */,
			);
			name = Main.storyboard;
			sourceTree = "<group>";
		};
		111584B71F99AD5500E98860 /* LaunchScreen.storyboard */ = {
			isa = PBXVariantGroup;
			children = (
				111584B81F99AD5500E98860 /* Base */,
			);
			name = LaunchScreen.storyboard;
			sourceTree = "<group>";
		};
/* End PBXVariantGroup section */

/* Begin XCBuildConfiguration section */
		111584BB1F99AD5500E98860 /* Debug */ = {
			isa = XCBuildConfiguration;
			buildSettings = {
				ALWAYS_SEARCH_USER_PATHS = NO;
				CLANG_ANALYZER_NONNULL = YES;
				CLANG_ANALYZER_NUMBER_OBJECT_CONVERSION = YES_AGGRESSIVE;
				CLANG_CXX_LANGUAGE_STANDARD = "gnu++14";
				CLANG_CXX_LIBRARY = "libc++";
				CLANG_ENABLE_MODULES = YES;
				CLANG_ENABLE_OBJC_ARC = YES;
				CLANG_WARN_BLOCK_CAPTURE_AUTORELEASING = YES;
				CLANG_WARN_BOOL_CONVERSION = YES;
				CLANG_WARN_COMMA = YES;
				CLANG_WARN_CONSTANT_CONVERSION = YES;
				CLANG_WARN_DIRECT_OBJC_ISA_USAGE = YES_ERROR;
				CLANG_WARN_DOCUMENTATION_COMMENTS = YES;
				CLANG_WARN_EMPTY_BODY = YES;
				CLANG_WARN_ENUM_CONVERSION = YES;
				CLANG_WARN_INFINITE_RECURSION = YES;
				CLANG_WARN_INT_CONVERSION = YES;
				CLANG_WARN_NON_LITERAL_NULL_CONVERSION = YES;
				CLANG_WARN_OBJC_LITERAL_CONVERSION = YES;
				CLANG_WARN_OBJC_ROOT_CLASS = YES_ERROR;
				CLANG_WARN_RANGE_LOOP_ANALYSIS = YES;
				CLANG_WARN_STRICT_PROTOTYPES = YES;
				CLANG_WARN_SUSPICIOUS_MOVE = YES;
				CLANG_WARN_UNGUARDED_AVAILABILITY = YES_AGGRESSIVE;
				CLANG_WARN_UNREACHABLE_CODE = YES;
				CLANG_WARN__DUPLICATE_METHOD_MATCH = YES;
				CODE_SIGN_IDENTITY = "iPhone Developer";
				COPY_PHASE_STRIP = NO;
				DEBUG_INFORMATION_FORMAT = dwarf;
				ENABLE_STRICT_OBJC_MSGSEND = YES;
				ENABLE_TESTABILITY = YES;
				GCC_C_LANGUAGE_STANDARD = gnu11;
				GCC_DYNAMIC_NO_PIC = NO;
				GCC_NO_COMMON_BLOCKS = YES;
				GCC_OPTIMIZATION_LEVEL = 0;
				GCC_PREPROCESSOR_DEFINITIONS = (
					"DEBUG=1",
					"$(inherited)",
				);
				GCC_WARN_64_TO_32_BIT_CONVERSION = YES;
				GCC_WARN_ABOUT_RETURN_TYPE = YES_ERROR;
				GCC_WARN_UNDECLARED_SELECTOR = YES;
				GCC_WARN_UNINITIALIZED_AUTOS = YES_AGGRESSIVE;
				GCC_WARN_UNUSED_FUNCTION = YES;
				GCC_WARN_UNUSED_VARIABLE = YES;
				IPHONEOS_DEPLOYMENT_TARGET = 11.0;
				MTL_ENABLE_DEBUG_INFO = YES;
				ONLY_ACTIVE_ARCH = YES;
				SDKROOT = iphoneos;
				SWIFT_ACTIVE_COMPILATION_CONDITIONS = DEBUG;
				SWIFT_OPTIMIZATION_LEVEL = "-Onone";
			};
			name = Debug;
		};
		111584BC1F99AD5500E98860 /* Release */ = {
			isa = XCBuildConfiguration;
			buildSettings = {
				ALWAYS_SEARCH_USER_PATHS = NO;
				CLANG_ANALYZER_NONNULL = YES;
				CLANG_ANALYZER_NUMBER_OBJECT_CONVERSION = YES_AGGRESSIVE;
				CLANG_CXX_LANGUAGE_STANDARD = "gnu++14";
				CLANG_CXX_LIBRARY = "libc++";
				CLANG_ENABLE_MODULES = YES;
				CLANG_ENABLE_OBJC_ARC = YES;
				CLANG_WARN_BLOCK_CAPTURE_AUTORELEASING = YES;
				CLANG_WARN_BOOL_CONVERSION = YES;
				CLANG_WARN_COMMA = YES;
				CLANG_WARN_CONSTANT_CONVERSION = YES;
				CLANG_WARN_DIRECT_OBJC_ISA_USAGE = YES_ERROR;
				CLANG_WARN_DOCUMENTATION_COMMENTS = YES;
				CLANG_WARN_EMPTY_BODY = YES;
				CLANG_WARN_ENUM_CONVERSION = YES;
				CLANG_WARN_INFINITE_RECURSION = YES;
				CLANG_WARN_INT_CONVERSION = YES;
				CLANG_WARN_NON_LITERAL_NULL_CONVERSION = YES;
				CLANG_WARN_OBJC_LITERAL_CONVERSION = YES;
				CLANG_WARN_OBJC_ROOT_CLASS = YES_ERROR;
				CLANG_WARN_RANGE_LOOP_ANALYSIS = YES;
				CLANG_WARN_STRICT_PROTOTYPES = YES;
				CLANG_WARN_SUSPICIOUS_MOVE = YES;
				CLANG_WARN_UNGUARDED_AVAILABILITY = YES_AGGRESSIVE;
				CLANG_WARN_UNREACHABLE_CODE = YES;
				CLANG_WARN__DUPLICATE_METHOD_MATCH = YES;
				CODE_SIGN_IDENTITY = "iPhone Developer";
				COPY_PHASE_STRIP = NO;
				DEBUG_INFORMATION_FORMAT = "dwarf-with-dsym";
				ENABLE_NS_ASSERTIONS = NO;
				ENABLE_STRICT_OBJC_MSGSEND = YES;
				GCC_C_LANGUAGE_STANDARD = gnu11;
				GCC_NO_COMMON_BLOCKS = YES;
				GCC_WARN_64_TO_32_BIT_CONVERSION = YES;
				GCC_WARN_ABOUT_RETURN_TYPE = YES_ERROR;
				GCC_WARN_UNDECLARED_SELECTOR = YES;
				GCC_WARN_UNINITIALIZED_AUTOS = YES_AGGRESSIVE;
				GCC_WARN_UNUSED_FUNCTION = YES;
				GCC_WARN_UNUSED_VARIABLE = YES;
				IPHONEOS_DEPLOYMENT_TARGET = 11.0;
				MTL_ENABLE_DEBUG_INFO = NO;
				SDKROOT = iphoneos;
				SWIFT_OPTIMIZATION_LEVEL = "-Owholemodule";
				VALIDATE_PRODUCT = YES;
			};
			name = Release;
		};
		111584BE1F99AD5500E98860 /* Debug */ = {
			isa = XCBuildConfiguration;
			buildSettings = {
				ASSETCATALOG_COMPILER_APPICON_NAME = AppIcon;
				CODE_SIGN_STYLE = Automatic;
				DEVELOPMENT_TEAM = E878DKBM82;
				INFOPLIST_FILE = MemoryCard/Info.plist;
				LD_RUNPATH_SEARCH_PATHS = "$(inherited) @executable_path/Frameworks";
				PRODUCT_BUNDLE_IDENTIFIER = "-.MemoryCard";
				PRODUCT_NAME = "$(TARGET_NAME)";
				SWIFT_VERSION = 4.0;
				TARGETED_DEVICE_FAMILY = "1,2";
			};
			name = Debug;
		};
		111584BF1F99AD5500E98860 /* Release */ = {
			isa = XCBuildConfiguration;
			buildSettings = {
				ASSETCATALOG_COMPILER_APPICON_NAME = AppIcon;
				CODE_SIGN_STYLE = Automatic;
				DEVELOPMENT_TEAM = E878DKBM82;
				INFOPLIST_FILE = MemoryCard/Info.plist;
				LD_RUNPATH_SEARCH_PATHS = "$(inherited) @executable_path/Frameworks";
				PRODUCT_BUNDLE_IDENTIFIER = "-.MemoryCard";
				PRODUCT_NAME = "$(TARGET_NAME)";
				SWIFT_VERSION = 4.0;
				TARGETED_DEVICE_FAMILY = "1,2";
			};
			name = Release;
		};
/* End XCBuildConfiguration section */

/* Begin XCConfigurationList section */
		111584A31F99AD5500E98860 /* Build configuration list for PBXProject "MemoryCard" */ = {
			isa = XCConfigurationList;
			buildConfigurations = (
				111584BB1F99AD5500E98860 /* Debug */,
				111584BC1F99AD5500E98860 /* Release */,
			);
			defaultConfigurationIsVisible = 0;
			defaultConfigurationName = Release;
		};
		111584BD1F99AD5500E98860 /* Build configuration list for PBXNativeTarget "MemoryCard" */ = {
			isa = XCConfigurationList;
			buildConfigurations = (
				111584BE1F99AD5500E98860 /* Debug */,
				111584BF1F99AD5500E98860 /* Release */,
			);
			defaultConfigurationIsVisible = 0;
			defaultConfigurationName = Release;
		};
/* End XCConfigurationList section */

/* Begin XCVersionGroup section */
		111584B21F99AD5500E98860 /* MemoryCard.xcdatamodeld */ = {
			isa = XCVersionGroup;
			children = (
				111584B31F99AD5500E98860 /* MemoryCard.xcdatamodel */,
			);
			currentVersion = 111584B31F99AD5500E98860 /* MemoryCard.xcdatamodel */;
			path = MemoryCard.xcdatamodeld;
			sourceTree = "<group>";
			versionGroupType = wrapper.xcdatamodel;
		};
/* End XCVersionGroup section */
	};
	rootObject = 111584A01F99AD5500E98860 /* Project object */;
}
